
Microsoft Visual Studio Solution File, Format Version 12.00
# Visual Studio Version 17
VisualStudioVersion = 17.2.32616.157
MinimumVisualStudioVersion = 10.0.40219.1
Project("{FAE04EC0-301F-11D3-BF4B-00C04F79EFBC}") = "RockPaperScissors", "RockPaperScissors\RockPaperScissors.csproj", "{BFAF582E-B9EA-4B28-8D6C-8A1DC84F529E}"
EndProject
Global
	GlobalSection(SolutionConfigurationPlatforms) = preSolution
		Debug|Any CPU = Debug|Any CPU
		Release|Any CPU = Release|Any CPU
	EndGlobalSection
	GlobalSection(ProjectConfigurationPlatforms) = postSolution
		{BFAF582E-B9EA-4B28-8D6C-8A1DC84F529E}.Debug|Any CPU.ActiveCfg = Debug|Any CPU
		{BFAF582E-B9EA-4B28-8D6C-8A1DC84F529E}.Debug|Any CPU.Build.0 = Debug|Any CPU
		{BFAF582E-B9EA-4B28-8D6C-8A1DC84F529E}.Release|Any CPU.ActiveCfg = Release|Any CPU
		{BFAF582E-B9EA-4B28-8D6C-8A1DC84F529E}.Release|Any CPU.Build.0 = Release|Any CPU
	EndGlobalSection
	GlobalSection(SolutionProperties) = preSolution
		HideSolutionNode = FALSE
	EndGlobalSection
	GlobalSection(ExtensibilityGlobals) = postSolution
		SolutionGuid = {1C10F7D6-EFA5-4527-97C0-0EF5A84822B9}
	EndGlobalSection
EndGlobal
